
Microsoft Visual Studio Solution File, Format Version 12.00
# Visual Studio Version 16
VisualStudioVersion = 16.0.30114.105
MinimumVisualStudioVersion = 10.0.40219.1
Project("{FAE04EC0-301F-11D3-BF4B-00C04F79EFBC}") = "Loja.Application", "Loja.Application\Loja.Application.csproj", "{6A447DAA-F418-46ED-A004-548402FD20BC}"
EndProject
Project("{FAE04EC0-301F-11D3-BF4B-00C04F79EFBC}") = "Loja.Domain", "Loja.Domain\Loja.Domain.csproj", "{3D88C78A-A6C6-41DA-A694-D45109A80B58}"
EndProject
Project("{FAE04EC0-301F-11D3-BF4B-00C04F79EFBC}") = "Loja.Persistence", "Loja.Persistence\Loja.Persistence.csproj", "{26B5A806-0F09-4BF5-80F0-780C254F2297}"
EndProject
Global
	GlobalSection(SolutionConfigurationPlatforms) = preSolution
		Debug|Any CPU = Debug|Any CPU
		Debug|x64 = Debug|x64
		Debug|x86 = Debug|x86
		Release|Any CPU = Release|Any CPU
		Release|x64 = Release|x64
		Release|x86 = Release|x86
	EndGlobalSection
	GlobalSection(SolutionProperties) = preSolution
		HideSolutionNode = FALSE
	EndGlobalSection
	GlobalSection(ProjectConfigurationPlatforms) = postSolution
		{6A447DAA-F418-46ED-A004-548402FD20BC}.Debug|Any CPU.ActiveCfg = Debug|Any CPU
		{6A447DAA-F418-46ED-A004-548402FD20BC}.Debug|Any CPU.Build.0 = Debug|Any CPU
		{6A447DAA-F418-46ED-A004-548402FD20BC}.Debug|x64.ActiveCfg = Debug|Any CPU
		{6A447DAA-F418-46ED-A004-548402FD20BC}.Debug|x64.Build.0 = Debug|Any CPU
		{6A447DAA-F418-46ED-A004-548402FD20BC}.Debug|x86.ActiveCfg = Debug|Any CPU
		{6A447DAA-F418-46ED-A004-548402FD20BC}.Debug|x86.Build.0 = Debug|Any CPU
		{6A447DAA-F418-46ED-A004-548402FD20BC}.Release|Any CPU.ActiveCfg = Release|Any CPU
		{6A447DAA-F418-46ED-A004-548402FD20BC}.Release|Any CPU.Build.0 = Release|Any CPU
		{6A447DAA-F418-46ED-A004-548402FD20BC}.Release|x64.ActiveCfg = Release|Any CPU
		{6A447DAA-F418-46ED-A004-548402FD20BC}.Release|x64.Build.0 = Release|Any CPU
		{6A447DAA-F418-46ED-A004-548402FD20BC}.Release|x86.ActiveCfg = Release|Any CPU
		{6A447DAA-F418-46ED-A004-548402FD20BC}.Release|x86.Build.0 = Release|Any CPU
		{3D88C78A-A6C6-41DA-A694-D45109A80B58}.Debug|Any CPU.ActiveCfg = Debug|Any CPU
		{3D88C78A-A6C6-41DA-A694-D45109A80B58}.Debug|Any CPU.Build.0 = Debug|Any CPU
		{3D88C78A-A6C6-41DA-A694-D45109A80B58}.Debug|x64.ActiveCfg = Debug|Any CPU
		{3D88C78A-A6C6-41DA-A694-D45109A80B58}.Debug|x64.Build.0 = Debug|Any CPU
		{3D88C78A-A6C6-41DA-A694-D45109A80B58}.Debug|x86.ActiveCfg = Debug|Any CPU
		{3D88C78A-A6C6-41DA-A694-D45109A80B58}.Debug|x86.Build.0 = Debug|Any CPU
		{3D88C78A-A6C6-41DA-A694-D45109A80B58}.Release|Any CPU.ActiveCfg = Release|Any CPU
		{3D88C78A-A6C6-41DA-A694-D45109A80B58}.Release|Any CPU.Build.0 = Release|Any CPU
		{3D88C78A-A6C6-41DA-A694-D45109A80B58}.Release|x64.ActiveCfg = Release|Any CPU
		{3D88C78A-A6C6-41DA-A694-D45109A80B58}.Release|x64.Build.0 = Release|Any CPU
		{3D88C78A-A6C6-41DA-A694-D45109A80B58}.Release|x86.ActiveCfg = Release|Any CPU
		{3D88C78A-A6C6-41DA-A694-D45109A80B58}.Release|x86.Build.0 = Release|Any CPU
		{26B5A806-0F09-4BF5-80F0-780C254F2297}.Debug|Any CPU.ActiveCfg = Debug|Any CPU
		{26B5A806-0F09-4BF5-80F0-780C254F2297}.Debug|Any CPU.Build.0 = Debug|Any CPU
		{26B5A806-0F09-4BF5-80F0-780C254F2297}.Debug|x64.ActiveCfg = Debug|Any CPU
		{26B5A806-0F09-4BF5-80F0-780C254F2297}.Debug|x64.Build.0 = Debug|Any CPU
		{26B5A806-0F09-4BF5-80F0-780C254F2297}.Debug|x86.ActiveCfg = Debug|Any CPU
		{26B5A806-0F09-4BF5-80F0-780C254F2297}.Debug|x86.Build.0 = Debug|Any CPU
		{26B5A806-0F09-4BF5-80F0-780C254F2297}.Release|Any CPU.ActiveCfg = Release|Any CPU
		{26B5A806-0F09-4BF5-80F0-780C254F2297}.Release|Any CPU.Build.0 = Release|Any CPU
		{26B5A806-0F09-4BF5-80F0-780C254F2297}.Release|x64.ActiveCfg = Release|Any CPU
		{26B5A806-0F09-4BF5-80F0-780C254F2297}.Release|x64.Build.0 = Release|Any CPU
		{26B5A806-0F09-4BF5-80F0-780C254F2297}.Release|x86.ActiveCfg = Release|Any CPU
		{26B5A806-0F09-4BF5-80F0-780C254F2297}.Release|x86.Build.0 = Release|Any CPU
	EndGlobalSection
EndGlobal
